// !$*UTF8*$!
{
	archiveVersion = 1;
	classes = {
	};
	objectVersion = 50;
	objects = {

/* Begin PBXBuildFile section */
		30BB4FCE25BE911500A8D543 /* AppDelegate.swift in Sources */ = {isa = PBXBuildFile; fileRef = 30BB4FCD25BE911500A8D543 /* AppDelegate.swift */; };
		30BB4FD025BE911500A8D543 /* ContentView.swift in Sources */ = {isa = PBXBuildFile; fileRef = 30BB4FCF25BE911500A8D543 /* ContentView.swift */; };
		30BB4FD225BE911600A8D543 /* Assets.xcassets in Resources */ = {isa = PBXBuildFile; fileRef = 30BB4FD125BE911600A8D543 /* Assets.xcassets */; };
		30BB4FD525BE911600A8D543 /* Preview Assets.xcassets in Resources */ = {isa = PBXBuildFile; fileRef = 30BB4FD425BE911600A8D543 /* Preview Assets.xcassets */; };
		30BB4FD825BE911600A8D543 /* Main.storyboard in Resources */ = {isa = PBXBuildFile; fileRef = 30BB4FD625BE911600A8D543 /* Main.storyboard */; };
		30BB4FE625BF4E9200A8D543 /* LEDStatus.swift in Sources */ = {isa = PBXBuildFile; fileRef = 30BB4FE125BF4C3100A8D543 /* LEDStatus.swift */; };
		30BB4FE925BF70F600A8D543 /* WLEDService.swift in Sources */ = {isa = PBXBuildFile; fileRef = 30BB4FE825BF70F600A8D543 /* WLEDService.swift */; };
		30BB4FF725C31E1800A8D543 /* Settings.swift in Sources */ = {isa = PBXBuildFile; fileRef = 30BB4FF625C31E1800A8D543 /* Settings.swift */; };
/* End PBXBuildFile section */

/* Begin PBXFileReference section */
		30BB4FCA25BE911500A8D543 /* WLED Switch.app */ = {isa = PBXFileReference; explicitFileType = wrapper.application; includeInIndex = 0; path = "WLED Switch.app"; sourceTree = BUILT_PRODUCTS_DIR; };
		30BB4FCD25BE911500A8D543 /* AppDelegate.swift */ = {isa = PBXFileReference; lastKnownFileType = sourcecode.swift; path = AppDelegate.swift; sourceTree = "<group>"; };
		30BB4FCF25BE911500A8D543 /* ContentView.swift */ = {isa = PBXFileReference; lastKnownFileType = sourcecode.swift; path = ContentView.swift; sourceTree = "<group>"; };
		30BB4FD125BE911600A8D543 /* Assets.xcassets */ = {isa = PBXFileReference; lastKnownFileType = folder.assetcatalog; path = Assets.xcassets; sourceTree = "<group>"; };
		30BB4FD425BE911600A8D543 /* Preview Assets.xcassets */ = {isa = PBXFileReference; lastKnownFileType = folder.assetcatalog; path = "Preview Assets.xcassets"; sourceTree = "<group>"; };
		30BB4FD725BE911600A8D543 /* Base */ = {isa = PBXFileReference; lastKnownFileType = file.storyboard; name = Base; path = Base.lproj/Main.storyboard; sourceTree = "<group>"; };
		30BB4FD925BE911600A8D543 /* Info.plist */ = {isa = PBXFileReference; lastKnownFileType = text.plist.xml; path = Info.plist; sourceTree = "<group>"; };
		30BB4FDA25BE911600A8D543 /* WLED_Switch.entitlements */ = {isa = PBXFileReference; lastKnownFileType = text.plist.entitlements; path = WLED_Switch.entitlements; sourceTree = "<group>"; };
		30BB4FE125BF4C3100A8D543 /* LEDStatus.swift */ = {isa = PBXFileReference; lastKnownFileType = sourcecode.swift; path = LEDStatus.swift; sourceTree = "<group>"; };
		30BB4FE825BF70F600A8D543 /* WLEDService.swift */ = {isa = PBXFileReference; lastKnownFileType = sourcecode.swift; path = WLEDService.swift; sourceTree = "<group>"; };
		30BB4FF625C31E1800A8D543 /* Settings.swift */ = {isa = PBXFileReference; lastKnownFileType = sourcecode.swift; path = Settings.swift; sourceTree = "<group>"; };
/* End PBXFileReference section */

/* Begin PBXFrameworksBuildPhase section */
		30BB4FC725BE911500A8D543 /* Frameworks */ = {
			isa = PBXFrameworksBuildPhase;
			buildActionMask = 2147483647;
			files = (
			);
			runOnlyForDeploymentPostprocessing = 0;
		};
/* End PBXFrameworksBuildPhase section */

/* Begin PBXGroup section */
		30BB4FC125BE911500A8D543 = {
			isa = PBXGroup;
			children = (
				30BB4FCC25BE911500A8D543 /* WLED Switch */,
				30BB4FCB25BE911500A8D543 /* Products */,
			);
			sourceTree = "<group>";
		};
		30BB4FCB25BE911500A8D543 /* Products */ = {
			isa = PBXGroup;
			children = (
				30BB4FCA25BE911500A8D543 /* WLED Switch.app */,
			);
			name = Products;
			sourceTree = "<group>";
		};
		30BB4FCC25BE911500A8D543 /* WLED Switch */ = {
			isa = PBXGroup;
			children = (
				30BB4FCD25BE911500A8D543 /* AppDelegate.swift */,
				30BB4FE825BF70F600A8D543 /* WLEDService.swift */,
				30BB4FF625C31E1800A8D543 /* Settings.swift */,
				30BB4FCF25BE911500A8D543 /* ContentView.swift */,
				30BB4FE125BF4C3100A8D543 /* LEDStatus.swift */,
				30BB4FD125BE911600A8D543 /* Assets.xcassets */,
				30BB4FD625BE911600A8D543 /* Main.storyboard */,
				30BB4FD925BE911600A8D543 /* Info.plist */,
				30BB4FDA25BE911600A8D543 /* WLED_Switch.entitlements */,
				30BB4FD325BE911600A8D543 /* Preview Content */,
			);
			path = "WLED Switch";
			sourceTree = "<group>";
		};
		30BB4FD325BE911600A8D543 /* Preview Content */ = {
			isa = PBXGroup;
			children = (
				30BB4FD425BE911600A8D543 /* Preview Assets.xcassets */,
			);
			path = "Preview Content";
			sourceTree = "<group>";
		};
/* End PBXGroup section */

/* Begin PBXNativeTarget section */
		30BB4FC925BE911500A8D543 /* WLED Switch */ = {
			isa = PBXNativeTarget;
			buildConfigurationList = 30BB4FDD25BE911600A8D543 /* Build configuration list for PBXNativeTarget "WLED Switch" */;
			buildPhases = (
				30BB4FC625BE911500A8D543 /* Sources */,
				30BB4FC725BE911500A8D543 /* Frameworks */,
				30BB4FC825BE911500A8D543 /* Resources */,
			);
			buildRules = (
			);
			dependencies = (
			);
			name = "WLED Switch";
			productName = "WLED Switch";
			productReference = 30BB4FCA25BE911500A8D543 /* WLED Switch.app */;
			productType = "com.apple.product-type.application";
		};
/* End PBXNativeTarget section */

/* Begin PBXProject section */
		30BB4FC225BE911500A8D543 /* Project object */ = {
			isa = PBXProject;
			attributes = {
				LastSwiftUpdateCheck = 1230;
				LastUpgradeCheck = 1230;
				TargetAttributes = {
					30BB4FC925BE911500A8D543 = {
						CreatedOnToolsVersion = 12.3;
					};
				};
			};
			buildConfigurationList = 30BB4FC525BE911500A8D543 /* Build configuration list for PBXProject "WLED Switch" */;
			compatibilityVersion = "Xcode 9.3";
			developmentRegion = en;
			hasScannedForEncodings = 0;
			knownRegions = (
				en,
				Base,
			);
			mainGroup = 30BB4FC125BE911500A8D543;
			productRefGroup = 30BB4FCB25BE911500A8D543 /* Products */;
			projectDirPath = "";
			projectRoot = "";
			targets = (
				30BB4FC925BE911500A8D543 /* WLED Switch */,
			);
		};
/* End PBXProject section */

/* Begin PBXResourcesBuildPhase section */
		30BB4FC825BE911500A8D543 /* Resources */ = {
			isa = PBXResourcesBuildPhase;
			buildActionMask = 2147483647;
			files = (
				30BB4FD825BE911600A8D543 /* Main.storyboard in Resources */,
				30BB4FD525BE911600A8D543 /* Preview Assets.xcassets in Resources */,
				30BB4FD225BE911600A8D543 /* Assets.xcassets in Resources */,
			);
			runOnlyForDeploymentPostprocessing = 0;
		};
/* End PBXResourcesBuildPhase section */

/* Begin PBXSourcesBuildPhase section */
		30BB4FC625BE911500A8D543 /* Sources */ = {
			isa = PBXSourcesBuildPhase;
			buildActionMask = 2147483647;
			files = (
				30BB4FD025BE911500A8D543 /* ContentView.swift in Sources */,
				30BB4FE925BF70F600A8D543 /* WLEDService.swift in Sources */,
				30BB4FE625BF4E9200A8D543 /* LEDStatus.swift in Sources */,
				30BB4FCE25BE911500A8D543 /* AppDelegate.swift in Sources */,
				30BB4FF725C31E1800A8D543 /* Settings.swift in Sources */,
			);
			runOnlyForDeploymentPostprocessing = 0;
		};
/* End PBXSourcesBuildPhase section */

/* Begin PBXVariantGroup section */
		30BB4FD625BE911600A8D543 /* Main.storyboard */ = {
			isa = PBXVariantGroup;
			children = (
				30BB4FD725BE911600A8D543 /* Base */,
			);
			name = Main.storyboard;
			sourceTree = "<group>";
		};
/* End PBXVariantGroup section */

/* Begin XCBuildConfiguration section */
		30BB4FDB25BE911600A8D543 /* Debug */ = {
			isa = XCBuildConfiguration;
			buildSettings = {
				ALWAYS_SEARCH_USER_PATHS = NO;
				CLANG_ANALYZER_NONNULL = YES;
				CLANG_ANALYZER_NUMBER_OBJECT_CONVERSION = YES_AGGRESSIVE;
				CLANG_CXX_LANGUAGE_STANDARD = "gnu++14";
				CLANG_CXX_LIBRARY = "libc++";
				CLANG_ENABLE_MODULES = YES;
				CLANG_ENABLE_OBJC_ARC = YES;
				CLANG_ENABLE_OBJC_WEAK = YES;
				CLANG_WARN_BLOCK_CAPTURE_AUTORELEASING = YES;
				CLANG_WARN_BOOL_CONVERSION = YES;
				CLANG_WARN_COMMA = YES;
				CLANG_WARN_CONSTANT_CONVERSION = YES;
				CLANG_WARN_DEPRECATED_OBJC_IMPLEMENTATIONS = YES;
				CLANG_WARN_DIRECT_OBJC_ISA_USAGE = YES_ERROR;
				CLANG_WARN_DOCUMENTATION_COMMENTS = YES;
				CLANG_WARN_EMPTY_BODY = YES;
				CLANG_WARN_ENUM_CONVERSION = YES;
				CLANG_WARN_INFINITE_RECURSION = YES;
				CLANG_WARN_INT_CONVERSION = YES;
				CLANG_WARN_NON_LITERAL_NULL_CONVERSION = YES;
				CLANG_WARN_OBJC_IMPLICIT_RETAIN_SELF = YES;
				CLANG_WARN_OBJC_LITERAL_CONVERSION = YES;
				CLANG_WARN_OBJC_ROOT_CLASS = YES_ERROR;
				CLANG_WARN_QUOTED_INCLUDE_IN_FRAMEWORK_HEADER = YES;
				CLANG_WARN_RANGE_LOOP_ANALYSIS = YES;
				CLANG_WARN_STRICT_PROTOTYPES = YES;
				CLANG_WARN_SUSPICIOUS_MOVE = YES;
				CLANG_WARN_UNGUARDED_AVAILABILITY = YES_AGGRESSIVE;
				CLANG_WARN_UNREACHABLE_CODE = YES;
				CLANG_WARN__DUPLICATE_METHOD_MATCH = YES;
				COPY_PHASE_STRIP = NO;
				DEBUG_INFORMATION_FORMAT = dwarf;
				ENABLE_STRICT_OBJC_MSGSEND = YES;
				ENABLE_TESTABILITY = YES;
				GCC_C_LANGUAGE_STANDARD = gnu11;
				GCC_DYNAMIC_NO_PIC = NO;
				GCC_NO_COMMON_BLOCKS = YES;
				GCC_OPTIMIZATION_LEVEL = 0;
				GCC_PREPROCESSOR_DEFINITIONS = (
					"DEBUG=1",
					"$(inherited)",
				);
				GCC_WARN_64_TO_32_BIT_CONVERSION = YES;
				GCC_WARN_ABOUT_RETURN_TYPE = YES_ERROR;
				GCC_WARN_UNDECLARED_SELECTOR = YES;
				GCC_WARN_UNINITIALIZED_AUTOS = YES_AGGRESSIVE;
				GCC_WARN_UNUSED_FUNCTION = YES;
				GCC_WARN_UNUSED_VARIABLE = YES;
				MACOSX_DEPLOYMENT_TARGET = 10.15;
				MTL_ENABLE_DEBUG_INFO = INCLUDE_SOURCE;
				MTL_FAST_MATH = YES;
				ONLY_ACTIVE_ARCH = YES;
				SDKROOT = macosx;
				SWIFT_ACTIVE_COMPILATION_CONDITIONS = DEBUG;
				SWIFT_OPTIMIZATION_LEVEL = "-Onone";
			};
			name = Debug;
		};
		30BB4FDC25BE911600A8D543 /* Release */ = {
			isa = XCBuildConfiguration;
			buildSettings = {
				ALWAYS_SEARCH_USER_PATHS = NO;
				CLANG_ANALYZER_NONNULL = YES;
				CLANG_ANALYZER_NUMBER_OBJECT_CONVERSION = YES_AGGRESSIVE;
				CLANG_CXX_LANGUAGE_STANDARD = "gnu++14";
				CLANG_CXX_LIBRARY = "libc++";
				CLANG_ENABLE_MODULES = YES;
				CLANG_ENABLE_OBJC_ARC = YES;
				CLANG_ENABLE_OBJC_WEAK = YES;
				CLANG_WARN_BLOCK_CAPTURE_AUTORELEASING = YES;
				CLANG_WARN_BOOL_CONVERSION = YES;
				CLANG_WARN_COMMA = YES;
				CLANG_WARN_CONSTANT_CONVERSION = YES;
				CLANG_WARN_DEPRECATED_OBJC_IMPLEMENTATIONS = YES;
				CLANG_WARN_DIRECT_OBJC_ISA_USAGE = YES_ERROR;
				CLANG_WARN_DOCUMENTATION_COMMENTS = YES;
				CLANG_WARN_EMPTY_BODY = YES;
				CLANG_WARN_ENUM_CONVERSION = YES;
				CLANG_WARN_INFINITE_RECURSION = YES;
				CLANG_WARN_INT_CONVERSION = YES;
				CLANG_WARN_NON_LITERAL_NULL_CONVERSION = YES;
				CLANG_WARN_OBJC_IMPLICIT_RETAIN_SELF = YES;
				CLANG_WARN_OBJC_LITERAL_CONVERSION = YES;
				CLANG_WARN_OBJC_ROOT_CLASS = YES_ERROR;
				CLANG_WARN_QUOTED_INCLUDE_IN_FRAMEWORK_HEADER = YES;
				CLANG_WARN_RANGE_LOOP_ANALYSIS = YES;
				CLANG_WARN_STRICT_PROTOTYPES = YES;
				CLANG_WARN_SUSPICIOUS_MOVE = YES;
				CLANG_WARN_UNGUARDED_AVAILABILITY = YES_AGGRESSIVE;
				CLANG_WARN_UNREACHABLE_CODE = YES;
				CLANG_WARN__DUPLICATE_METHOD_MATCH = YES;
				COPY_PHASE_STRIP = NO;
				DEBUG_INFORMATION_FORMAT = "dwarf-with-dsym";
				ENABLE_NS_ASSERTIONS = NO;
				ENABLE_STRICT_OBJC_MSGSEND = YES;
				GCC_C_LANGUAGE_STANDARD = gnu11;
				GCC_NO_COMMON_BLOCKS = YES;
				GCC_WARN_64_TO_32_BIT_CONVERSION = YES;
				GCC_WARN_ABOUT_RETURN_TYPE = YES_ERROR;
				GCC_WARN_UNDECLARED_SELECTOR = YES;
				GCC_WARN_UNINITIALIZED_AUTOS = YES_AGGRESSIVE;
				GCC_WARN_UNUSED_FUNCTION = YES;
				GCC_WARN_UNUSED_VARIABLE = YES;
				MACOSX_DEPLOYMENT_TARGET = 10.15;
				MTL_ENABLE_DEBUG_INFO = NO;
				MTL_FAST_MATH = YES;
				SDKROOT = macosx;
				SWIFT_COMPILATION_MODE = wholemodule;
				SWIFT_OPTIMIZATION_LEVEL = "-O";
			};
			name = Release;
		};
		30BB4FDE25BE911600A8D543 /* Debug */ = {
			isa = XCBuildConfiguration;
			buildSettings = {
				ASSETCATALOG_COMPILER_APPICON_NAME = AppIcon;
				ASSETCATALOG_COMPILER_GLOBAL_ACCENT_COLOR_NAME = AccentColor;
				CODE_SIGN_ENTITLEMENTS = "WLED Switch/WLED_Switch.entitlements";
				CODE_SIGN_IDENTITY = "Apple Development";
				CODE_SIGN_STYLE = Automatic;
				COMBINE_HIDPI_IMAGES = YES;
				CURRENT_PROJECT_VERSION = 2;
				DEVELOPMENT_ASSET_PATHS = "\"WLED Switch/Preview Content\"";
				DEVELOPMENT_TEAM = SBPV56G7LG;
				ENABLE_HARDENED_RUNTIME = YES;
				ENABLE_PREVIEWS = YES;
				INFOPLIST_FILE = "WLED Switch/Info.plist";
				LD_RUNPATH_SEARCH_PATHS = (
					"$(inherited)",
					"@executable_path/../Frameworks",
				);
				MACOSX_DEPLOYMENT_TARGET = 10.15;
				PRODUCT_BUNDLE_IDENTIFIER = "com.rg.WLED-Switch";
				PRODUCT_NAME = "$(TARGET_NAME)";
				SWIFT_VERSION = 5.0;
			};
			name = Debug;
		};
		30BB4FDF25BE911600A8D543 /* Release */ = {
			isa = XCBuildConfiguration;
			buildSettings = {
				ASSETCATALOG_COMPILER_APPICON_NAME = AppIcon;
				ASSETCATALOG_COMPILER_GLOBAL_ACCENT_COLOR_NAME = AccentColor;
				CODE_SIGN_ENTITLEMENTS = "WLED Switch/WLED_Switch.entitlements";
				CODE_SIGN_IDENTITY = "Apple Development";
				CODE_SIGN_STYLE = Automatic;
				COMBINE_HIDPI_IMAGES = YES;
				CURRENT_PROJECT_VERSION = 2;
				DEVELOPMENT_ASSET_PATHS = "\"WLED Switch/Preview Content\"";
				DEVELOPMENT_TEAM = SBPV56G7LG;
				ENABLE_HARDENED_RUNTIME = YES;
				ENABLE_PREVIEWS = YES;
				INFOPLIST_FILE = "WLED Switch/Info.plist";
				LD_RUNPATH_SEARCH_PATHS = (
					"$(inherited)",
					"@executable_path/../Frameworks",
				);
				MACOSX_DEPLOYMENT_TARGET = 10.15;
				PRODUCT_BUNDLE_IDENTIFIER = "com.rg.WLED-Switch";
				PRODUCT_NAME = "$(TARGET_NAME)";
				SWIFT_VERSION = 5.0;
			};
			name = Release;
		};
/* End XCBuildConfiguration section */

/* Begin XCConfigurationList section */
		30BB4FC525BE911500A8D543 /* Build configuration list for PBXProject "WLED Switch" */ = {
			isa = XCConfigurationList;
			buildConfigurations = (
				30BB4FDB25BE911600A8D543 /* Debug */,
				30BB4FDC25BE911600A8D543 /* Release */,
			);
			defaultConfigurationIsVisible = 0;
			defaultConfigurationName = Release;
		};
		30BB4FDD25BE911600A8D543 /* Build configuration list for PBXNativeTarget "WLED Switch" */ = {
			isa = XCConfigurationList;
			buildConfigurations = (
				30BB4FDE25BE911600A8D543 /* Debug */,
				30BB4FDF25BE911600A8D543 /* Release */,
			);
			defaultConfigurationIsVisible = 0;
			defaultConfigurationName = Release;
		};
/* End XCConfigurationList section */
	};
	rootObject = 30BB4FC225BE911500A8D543 /* Project object */;
}
